PODS:
  - AFNetworking (3.1.0):
    - AFNetworking/NSURLSession (= 3.1.0)
    - AFNetworking/Reachability (= 3.1.0)
    - AFNetworking/Security (= 3.1.0)
    - AFNetworking/Serialization (= 3.1.0)
    - AFNetworking/UIKit (= 3.1.0)
  - AFNetworking/NSURLSession (3.1.0):
    - AFNetworking/Reachability
    - AFNetworking/Security
    - AFNetworking/Serialization
  - AFNetworking/Reachability (3.1.0)
  - AFNetworking/Security (3.1.0)
  - AFNetworking/Serialization (3.1.0)
  - AFNetworking/UIKit (3.1.0):
    - AFNetworking/NSURLSession
  - LTCustomCategorys/UIView (0.2.0)
  - LTCustomFunctions/LTTimer (0.1.0)
  - LTCustomViews (0.3.0):
    - AFNetworking
    - LTCustomViews/LTMenueView (= 0.3.0)
    - LTCustomViews/LTSegmentBar (= 0.3.0)
    - LTCustomViews/LTShufflingView (= 0.3.0)
    - LTCustomViews/LTUpDownButton (= 0.3.0)
    - MJExtension
    - SDWebImage
  - LTCustomViews/LTMenueView (0.3.0):
    - AFNetworking
    - LTCustomViews/LTUpDownButton
    - MJExtension
    - SDWebImage
  - LTCustomViews/LTSegmentBar (0.3.0):
    - AFNetworking
    - LTCustomCategorys/UIView
    - MJExtension
    - SDWebImage
  - LTCustomViews/LTShufflingView (0.3.0):
    - AFNetworking
    - LTCustomFunctions/LTTimer
    - MJExtension
    - SDWebImage
  - LTCustomViews/LTUpDownButton (0.3.0):
    - AFNetworking
    - MJExtension
    - SDWebImage
  - MJExtension (3.0.13)
  - SDWebImage (4.0.0):
    - SDWebImage/Core (= 4.0.0)
  - SDWebImage/Core (4.0.0)

DEPENDENCIES:
  - LTCustomViews (from `../`)

EXTERNAL SOURCES:
  LTCustomViews:
    :path: "../"

SPEC CHECKSUMS:
  AFNetworking: 5e0e199f73d8626b11e79750991f5d173d1f8b67
  LTCustomCategorys: 18f4876ed68e7f6573b5a4cd4fc1349e01f881d9
  LTCustomFunctions: ff51abafc1b80f20ca9a121e9cba92820457d12b
  LTCustomViews: 23576c018e6906c4eec6389e603068823c59d8b4
  MJExtension: 5932755f451458eefa24239358817f8d291240c7
  SDWebImage: 76a6348bdc74eb5a55dd08a091ef298e56b55e41

PODFILE CHECKSUM: 8ae800de129648be95c3bc978501f4844b5db50e

COCOAPODS: 1.2.0
